
Microsoft Visual Studio Solution File, Format Version 12.00
# Visual Studio Version 17
VisualStudioVersion = 17.3.32929.385
MinimumVisualStudioVersion = 10.0.40219.1
Project("{FAE04EC0-301F-11D3-BF4B-00C04F79EFBC}") = "SqlInjection", "SqlInjection\SqlInjection.csproj", "{9E5E07CA-F8E5-45FA-ACE1-9DDED80EAF7D}"
EndProject
Global
	GlobalSection(SolutionConfigurationPlatforms) = preSolution
		Debug|Any CPU = Debug|Any CPU
		Release|Any CPU = Release|Any CPU
	EndGlobalSection
	GlobalSection(ProjectConfigurationPlatforms) = postSolution
		{9E5E07CA-F8E5-45FA-ACE1-9DDED80EAF7D}.Debug|Any CPU.ActiveCfg = Debug|Any CPU
		{9E5E07CA-F8E5-45FA-ACE1-9DDED80EAF7D}.Debug|Any CPU.Build.0 = Debug|Any CPU
		{9E5E07CA-F8E5-45FA-ACE1-9DDED80EAF7D}.Release|Any CPU.ActiveCfg = Release|Any CPU
		{9E5E07CA-F8E5-45FA-ACE1-9DDED80EAF7D}.Release|Any CPU.Build.0 = Release|Any CPU
	EndGlobalSection
	GlobalSection(SolutionProperties) = preSolution
		HideSolutionNode = FALSE
	EndGlobalSection
	GlobalSection(ExtensibilityGlobals) = postSolution
		SolutionGuid = {C3B78EB8-57FB-4206-8C33-BFFE30C96FD9}
	EndGlobalSection
EndGlobal
